
Microsoft Visual Studio Solution File, Format Version 12.00
# Visual Studio 14
VisualStudioVersion = 14.0.24720.0
MinimumVisualStudioVersion = 12.0.31101.0
Project("{9A19103F-16F7-4668-BE54-9A1E7A4F7556}") = "FTWPlayer", "FTWPlayer\FTWPlayer.csproj", "{D14F368C-AB9B-4DF3-A8F7-CF42B66F7E40}"
	ProjectSection(ProjectDependencies) = postProject
		{C6003F63-4717-4B45-8890-B3C02F7209D9} = {C6003F63-4717-4B45-8890-B3C02F7209D9}
	EndProjectSection
EndProject
Project("{9A19103F-16F7-4668-BE54-9A1E7A4F7556}") = "FuwaTea.Wpf", "FuwaTea.Wpf\FuwaTea.Wpf.csproj", "{09BB648A-DCAA-4A8D-9FB6-FC4A82E17820}"
EndProject
Project("{9A19103F-16F7-4668-BE54-9A1E7A4F7556}") = "FuwaTea.Lib", "FuwaTea.Lib\FuwaTea.Lib.csproj", "{A9BB4650-68CC-4640-9B5A-65F4AA80C2AB}"
EndProject
Project("{9A19103F-16F7-4668-BE54-9A1E7A4F7556}") = "WavpackDecoder", "WavpackDecoder\WavpackDecoder.csproj", "{1CF67E61-3DAE-41A1-BE0A-904A35E04AAF}"
EndProject
Project("{9A19103F-16F7-4668-BE54-9A1E7A4F7556}") = "ModularFramework", "ModularFramework\ModularFramework.csproj", "{8517E03E-DC80-419D-BFAD-78D80354192B}"
EndProject
Project("{9A19103F-16F7-4668-BE54-9A1E7A4F7556}") = "FuwaTea.Playback", "FuwaTea.Playback\FuwaTea.Playback.csproj", "{FCC6C9C3-58CF-4C29-BC8F-8468DE31AD93}"
EndProject
Project("{9A19103F-16F7-4668-BE54-9A1E7A4F7556}") = "FuwaTea.Playback.NAudio", "FuwaTea.Playback.NAudio\FuwaTea.Playback.NAudio.csproj", "{C6003F63-4717-4B45-8890-B3C02F7209D9}"
EndProject
Project("{9A19103F-16F7-4668-BE54-9A1E7A4F7556}") = "FuwaTea.Playlist", "FuwaTea.Playlist\FuwaTea.Playlist.csproj", "{1606973F-7CAE-4E42-BCC8-5282FC775070}"
EndProject
Project("{9A19103F-16F7-4668-BE54-9A1E7A4F7556}") = "FuwaTea.Metadata", "FuwaTea.Metadata\FuwaTea.Metadata.csproj", "{17853F95-1A56-448C-825E-5662E1FC1426}"
EndProject
Global
	GlobalSection(SolutionConfigurationPlatforms) = preSolution
		Debug|Any CPU = Debug|Any CPU
		Release|Any CPU = Release|Any CPU
	EndGlobalSection
	GlobalSection(ProjectConfigurationPlatforms) = postSolution
		{D14F368C-AB9B-4DF3-A8F7-CF42B66F7E40}.Debug|Any CPU.ActiveCfg = Debug|Any CPU
		{D14F368C-AB9B-4DF3-A8F7-CF42B66F7E40}.Debug|Any CPU.Build.0 = Debug|Any CPU
		{D14F368C-AB9B-4DF3-A8F7-CF42B66F7E40}.Release|Any CPU.ActiveCfg = Release|Any CPU
		{D14F368C-AB9B-4DF3-A8F7-CF42B66F7E40}.Release|Any CPU.Build.0 = Release|Any CPU
		{09BB648A-DCAA-4A8D-9FB6-FC4A82E17820}.Debug|Any CPU.ActiveCfg = Debug|Any CPU
		{09BB648A-DCAA-4A8D-9FB6-FC4A82E17820}.Debug|Any CPU.Build.0 = Debug|Any CPU
		{09BB648A-DCAA-4A8D-9FB6-FC4A82E17820}.Release|Any CPU.ActiveCfg = Release|Any CPU
		{09BB648A-DCAA-4A8D-9FB6-FC4A82E17820}.Release|Any CPU.Build.0 = Release|Any CPU
		{A9BB4650-68CC-4640-9B5A-65F4AA80C2AB}.Debug|Any CPU.ActiveCfg = Debug|Any CPU
		{A9BB4650-68CC-4640-9B5A-65F4AA80C2AB}.Debug|Any CPU.Build.0 = Debug|Any CPU
		{A9BB4650-68CC-4640-9B5A-65F4AA80C2AB}.Release|Any CPU.ActiveCfg = Release|Any CPU
		{A9BB4650-68CC-4640-9B5A-65F4AA80C2AB}.Release|Any CPU.Build.0 = Release|Any CPU
		{1CF67E61-3DAE-41A1-BE0A-904A35E04AAF}.Debug|Any CPU.ActiveCfg = Debug|Any CPU
		{1CF67E61-3DAE-41A1-BE0A-904A35E04AAF}.Debug|Any CPU.Build.0 = Debug|Any CPU
		{1CF67E61-3DAE-41A1-BE0A-904A35E04AAF}.Release|Any CPU.ActiveCfg = Release|Any CPU
		{1CF67E61-3DAE-41A1-BE0A-904A35E04AAF}.Release|Any CPU.Build.0 = Release|Any CPU
		{8517E03E-DC80-419D-BFAD-78D80354192B}.Debug|Any CPU.ActiveCfg = Debug|Any CPU
		{8517E03E-DC80-419D-BFAD-78D80354192B}.Debug|Any CPU.Build.0 = Debug|Any CPU
		{8517E03E-DC80-419D-BFAD-78D80354192B}.Release|Any CPU.ActiveCfg = Release|Any CPU
		{8517E03E-DC80-419D-BFAD-78D80354192B}.Release|Any CPU.Build.0 = Release|Any CPU
		{FCC6C9C3-58CF-4C29-BC8F-8468DE31AD93}.Debug|Any CPU.ActiveCfg = Debug|Any CPU
		{FCC6C9C3-58CF-4C29-BC8F-8468DE31AD93}.Debug|Any CPU.Build.0 = Debug|Any CPU
		{FCC6C9C3-58CF-4C29-BC8F-8468DE31AD93}.Release|Any CPU.ActiveCfg = Release|Any CPU
		{FCC6C9C3-58CF-4C29-BC8F-8468DE31AD93}.Release|Any CPU.Build.0 = Release|Any CPU
		{C6003F63-4717-4B45-8890-B3C02F7209D9}.Debug|Any CPU.ActiveCfg = Debug|Any CPU
		{C6003F63-4717-4B45-8890-B3C02F7209D9}.Debug|Any CPU.Build.0 = Debug|Any CPU
		{C6003F63-4717-4B45-8890-B3C02F7209D9}.Release|Any CPU.ActiveCfg = Release|Any CPU
		{C6003F63-4717-4B45-8890-B3C02F7209D9}.Release|Any CPU.Build.0 = Release|Any CPU
		{1606973F-7CAE-4E42-BCC8-5282FC775070}.Debug|Any CPU.ActiveCfg = Debug|Any CPU
		{1606973F-7CAE-4E42-BCC8-5282FC775070}.Debug|Any CPU.Build.0 = Debug|Any CPU
		{1606973F-7CAE-4E42-BCC8-5282FC775070}.Release|Any CPU.ActiveCfg = Release|Any CPU
		{1606973F-7CAE-4E42-BCC8-5282FC775070}.Release|Any CPU.Build.0 = Release|Any CPU
		{17853F95-1A56-448C-825E-5662E1FC1426}.Debug|Any CPU.ActiveCfg = Debug|Any CPU
		{17853F95-1A56-448C-825E-5662E1FC1426}.Debug|Any CPU.Build.0 = Debug|Any CPU
		{17853F95-1A56-448C-825E-5662E1FC1426}.Release|Any CPU.ActiveCfg = Release|Any CPU
		{17853F95-1A56-448C-825E-5662E1FC1426}.Release|Any CPU.Build.0 = Release|Any CPU
	EndGlobalSection
	GlobalSection(SolutionProperties) = preSolution
		HideSolutionNode = FALSE
	EndGlobalSection
EndGlobal
