
Microsoft Visual Studio Solution File, Format Version 12.00
# Visual Studio 2013
VisualStudioVersion = 12.0.31101.0
MinimumVisualStudioVersion = 10.0.40219.1
Project("{FAE04EC0-301F-11D3-BF4B-00C04F79EFBC}") = "LayerFramework", "LayerFramework\LayerFramework.csproj", "{F9D64A69-BCDF-4E7D-83A0-24E7A537842F}"
EndProject
Project("{FAE04EC0-301F-11D3-BF4B-00C04F79EFBC}") = "FuwaTea.Common", "FuwaTea.Common\FuwaTea.Common.csproj", "{495BF25F-5C9C-4DB2-8319-A54CC3F5E230}"
EndProject
Project("{FAE04EC0-301F-11D3-BF4B-00C04F79EFBC}") = "FTWPlayer", "FTWPlayer\FTWPlayer.csproj", "{D14F368C-AB9B-4DF3-A8F7-CF42B66F7E40}"
EndProject
Project("{FAE04EC0-301F-11D3-BF4B-00C04F79EFBC}") = "FuwaTea.Data", "FuwaTea.Data\FuwaTea.Data.csproj", "{7C1CE00E-4D83-42A0-B424-8F5EE58E35A7}"
EndProject
Project("{FAE04EC0-301F-11D3-BF4B-00C04F79EFBC}") = "FuwaTea.Logic", "FuwaTea.Logic\FuwaTea.Logic.csproj", "{78196827-F053-4E3E-BC26-1134C89F9D6A}"
EndProject
Project("{FAE04EC0-301F-11D3-BF4B-00C04F79EFBC}") = "FuwaTea.Presentation", "FuwaTea.Presentation\FuwaTea.Presentation.csproj", "{42262D83-E80D-4F04-9E66-E22F7A1E5488}"
EndProject
Project("{FAE04EC0-301F-11D3-BF4B-00C04F79EFBC}") = "FuwaTea.Wpf", "FuwaTea.Wpf\FuwaTea.Wpf.csproj", "{09BB648A-DCAA-4A8D-9FB6-FC4A82E17820}"
EndProject
Project("{2150E333-8FDC-42A3-9474-1A3956D46DE8}") = ".nuget", ".nuget", "{8CCF1E12-1412-40A6-B4DB-1179C04C5172}"
	ProjectSection(SolutionItems) = preProject
		.nuget\NuGet.Config = .nuget\NuGet.Config
		.nuget\NuGet.exe = .nuget\NuGet.exe
		.nuget\NuGet.targets = .nuget\NuGet.targets
	EndProjectSection
EndProject
Project("{FAE04EC0-301F-11D3-BF4B-00C04F79EFBC}") = "FuwaTea.Lib", "FuwaTea.Lib\FuwaTea.Lib.csproj", "{A9BB4650-68CC-4640-9B5A-65F4AA80C2AB}"
EndProject
Project("{FAE04EC0-301F-11D3-BF4B-00C04F79EFBC}") = "LayerFramework.Logging", "LayerFramework.Logging\LayerFramework.Logging.csproj", "{B16E5E2F-1B42-4AA3-9CB6-D0CC4658C06A}"
EndProject
Global
	GlobalSection(SolutionConfigurationPlatforms) = preSolution
		Debug|Any CPU = Debug|Any CPU
		Release|Any CPU = Release|Any CPU
	EndGlobalSection
	GlobalSection(ProjectConfigurationPlatforms) = postSolution
		{F9D64A69-BCDF-4E7D-83A0-24E7A537842F}.Debug|Any CPU.ActiveCfg = Debug|Any CPU
		{F9D64A69-BCDF-4E7D-83A0-24E7A537842F}.Debug|Any CPU.Build.0 = Debug|Any CPU
		{F9D64A69-BCDF-4E7D-83A0-24E7A537842F}.Release|Any CPU.ActiveCfg = Release|Any CPU
		{F9D64A69-BCDF-4E7D-83A0-24E7A537842F}.Release|Any CPU.Build.0 = Release|Any CPU
		{495BF25F-5C9C-4DB2-8319-A54CC3F5E230}.Debug|Any CPU.ActiveCfg = Debug|Any CPU
		{495BF25F-5C9C-4DB2-8319-A54CC3F5E230}.Debug|Any CPU.Build.0 = Debug|Any CPU
		{495BF25F-5C9C-4DB2-8319-A54CC3F5E230}.Release|Any CPU.ActiveCfg = Release|Any CPU
		{495BF25F-5C9C-4DB2-8319-A54CC3F5E230}.Release|Any CPU.Build.0 = Release|Any CPU
		{D14F368C-AB9B-4DF3-A8F7-CF42B66F7E40}.Debug|Any CPU.ActiveCfg = Debug|Any CPU
		{D14F368C-AB9B-4DF3-A8F7-CF42B66F7E40}.Debug|Any CPU.Build.0 = Debug|Any CPU
		{D14F368C-AB9B-4DF3-A8F7-CF42B66F7E40}.Release|Any CPU.ActiveCfg = Release|Any CPU
		{D14F368C-AB9B-4DF3-A8F7-CF42B66F7E40}.Release|Any CPU.Build.0 = Release|Any CPU
		{7C1CE00E-4D83-42A0-B424-8F5EE58E35A7}.Debug|Any CPU.ActiveCfg = Debug|Any CPU
		{7C1CE00E-4D83-42A0-B424-8F5EE58E35A7}.Debug|Any CPU.Build.0 = Debug|Any CPU
		{7C1CE00E-4D83-42A0-B424-8F5EE58E35A7}.Release|Any CPU.ActiveCfg = Release|Any CPU
		{7C1CE00E-4D83-42A0-B424-8F5EE58E35A7}.Release|Any CPU.Build.0 = Release|Any CPU
		{78196827-F053-4E3E-BC26-1134C89F9D6A}.Debug|Any CPU.ActiveCfg = Debug|Any CPU
		{78196827-F053-4E3E-BC26-1134C89F9D6A}.Debug|Any CPU.Build.0 = Debug|Any CPU
		{78196827-F053-4E3E-BC26-1134C89F9D6A}.Release|Any CPU.ActiveCfg = Release|Any CPU
		{78196827-F053-4E3E-BC26-1134C89F9D6A}.Release|Any CPU.Build.0 = Release|Any CPU
		{42262D83-E80D-4F04-9E66-E22F7A1E5488}.Debug|Any CPU.ActiveCfg = Debug|Any CPU
		{42262D83-E80D-4F04-9E66-E22F7A1E5488}.Debug|Any CPU.Build.0 = Debug|Any CPU
		{42262D83-E80D-4F04-9E66-E22F7A1E5488}.Release|Any CPU.ActiveCfg = Release|Any CPU
		{42262D83-E80D-4F04-9E66-E22F7A1E5488}.Release|Any CPU.Build.0 = Release|Any CPU
		{09BB648A-DCAA-4A8D-9FB6-FC4A82E17820}.Debug|Any CPU.ActiveCfg = Debug|Any CPU
		{09BB648A-DCAA-4A8D-9FB6-FC4A82E17820}.Debug|Any CPU.Build.0 = Debug|Any CPU
		{09BB648A-DCAA-4A8D-9FB6-FC4A82E17820}.Release|Any CPU.ActiveCfg = Release|Any CPU
		{09BB648A-DCAA-4A8D-9FB6-FC4A82E17820}.Release|Any CPU.Build.0 = Release|Any CPU
		{A9BB4650-68CC-4640-9B5A-65F4AA80C2AB}.Debug|Any CPU.ActiveCfg = Debug|Any CPU
		{A9BB4650-68CC-4640-9B5A-65F4AA80C2AB}.Debug|Any CPU.Build.0 = Debug|Any CPU
		{A9BB4650-68CC-4640-9B5A-65F4AA80C2AB}.Release|Any CPU.ActiveCfg = Release|Any CPU
		{A9BB4650-68CC-4640-9B5A-65F4AA80C2AB}.Release|Any CPU.Build.0 = Release|Any CPU
		{B16E5E2F-1B42-4AA3-9CB6-D0CC4658C06A}.Debug|Any CPU.ActiveCfg = Debug|Any CPU
		{B16E5E2F-1B42-4AA3-9CB6-D0CC4658C06A}.Debug|Any CPU.Build.0 = Debug|Any CPU
		{B16E5E2F-1B42-4AA3-9CB6-D0CC4658C06A}.Release|Any CPU.ActiveCfg = Release|Any CPU
		{B16E5E2F-1B42-4AA3-9CB6-D0CC4658C06A}.Release|Any CPU.Build.0 = Release|Any CPU
	EndGlobalSection
	GlobalSection(SolutionProperties) = preSolution
		HideSolutionNode = FALSE
	EndGlobalSection
EndGlobal
